
Microsoft Visual Studio Solution File, Format Version 12.00
# Visual Studio Version 17
VisualStudioVersion = 17.0.31912.275
MinimumVisualStudioVersion = 10.0.40219.1
Project("{9A19103F-16F7-4668-BE54-9A1E7A4F7556}") = "AoC-2021-01", "AoC-2021-01\AoC-2021-01.csproj", "{AB2C6351-5BE3-4A9D-A1EE-0A5855DD968A}"
EndProject
Project("{9A19103F-16F7-4668-BE54-9A1E7A4F7556}") = "AoC-2021-02", "AoC-2021-02\AoC-2021-02.csproj", "{124D6E2A-46F1-4C04-8B7F-A03BD0112771}"
EndProject
Project("{9A19103F-16F7-4668-BE54-9A1E7A4F7556}") = "AoC-2021-03", "AoC-2021-03\AoC-2021-03.csproj", "{FCC33788-18DE-4AC1-A0C3-3ADF9D4078E4}"
EndProject
Project("{9A19103F-16F7-4668-BE54-9A1E7A4F7556}") = "AoC-2021-04", "AoC-2021-04\AoC-2021-04.csproj", "{72E8845E-2851-4E2C-A5C1-1619A8F522F2}"
EndProject
Project("{FAE04EC0-301F-11D3-BF4B-00C04F79EFBC}") = "AoC-2021-05", "AoC-2021-05\AoC-2021-05.csproj", "{59168513-6D78-46D3-8B15-CC765213AB3B}"
EndProject
Global
	GlobalSection(SolutionConfigurationPlatforms) = preSolution
		Debug|Any CPU = Debug|Any CPU
		Release|Any CPU = Release|Any CPU
	EndGlobalSection
	GlobalSection(ProjectConfigurationPlatforms) = postSolution
		{AB2C6351-5BE3-4A9D-A1EE-0A5855DD968A}.Debug|Any CPU.ActiveCfg = Debug|Any CPU
		{AB2C6351-5BE3-4A9D-A1EE-0A5855DD968A}.Debug|Any CPU.Build.0 = Debug|Any CPU
		{AB2C6351-5BE3-4A9D-A1EE-0A5855DD968A}.Release|Any CPU.ActiveCfg = Release|Any CPU
		{AB2C6351-5BE3-4A9D-A1EE-0A5855DD968A}.Release|Any CPU.Build.0 = Release|Any CPU
		{124D6E2A-46F1-4C04-8B7F-A03BD0112771}.Debug|Any CPU.ActiveCfg = Debug|Any CPU
		{124D6E2A-46F1-4C04-8B7F-A03BD0112771}.Debug|Any CPU.Build.0 = Debug|Any CPU
		{124D6E2A-46F1-4C04-8B7F-A03BD0112771}.Release|Any CPU.ActiveCfg = Release|Any CPU
		{124D6E2A-46F1-4C04-8B7F-A03BD0112771}.Release|Any CPU.Build.0 = Release|Any CPU
		{FCC33788-18DE-4AC1-A0C3-3ADF9D4078E4}.Debug|Any CPU.ActiveCfg = Debug|Any CPU
		{FCC33788-18DE-4AC1-A0C3-3ADF9D4078E4}.Debug|Any CPU.Build.0 = Debug|Any CPU
		{FCC33788-18DE-4AC1-A0C3-3ADF9D4078E4}.Release|Any CPU.ActiveCfg = Release|Any CPU
		{FCC33788-18DE-4AC1-A0C3-3ADF9D4078E4}.Release|Any CPU.Build.0 = Release|Any CPU
		{72E8845E-2851-4E2C-A5C1-1619A8F522F2}.Debug|Any CPU.ActiveCfg = Debug|Any CPU
		{72E8845E-2851-4E2C-A5C1-1619A8F522F2}.Debug|Any CPU.Build.0 = Debug|Any CPU
		{72E8845E-2851-4E2C-A5C1-1619A8F522F2}.Release|Any CPU.ActiveCfg = Release|Any CPU
		{72E8845E-2851-4E2C-A5C1-1619A8F522F2}.Release|Any CPU.Build.0 = Release|Any CPU
		{59168513-6D78-46D3-8B15-CC765213AB3B}.Debug|Any CPU.ActiveCfg = Debug|Any CPU
		{59168513-6D78-46D3-8B15-CC765213AB3B}.Debug|Any CPU.Build.0 = Debug|Any CPU
		{59168513-6D78-46D3-8B15-CC765213AB3B}.Release|Any CPU.ActiveCfg = Release|Any CPU
		{59168513-6D78-46D3-8B15-CC765213AB3B}.Release|Any CPU.Build.0 = Release|Any CPU
	EndGlobalSection
	GlobalSection(SolutionProperties) = preSolution
		HideSolutionNode = FALSE
	EndGlobalSection
	GlobalSection(ExtensibilityGlobals) = postSolution
		SolutionGuid = {E1D8EA92-88BE-4DC7-8C32-45D30A6BF832}
	EndGlobalSection
EndGlobal
